// !$*UTF8*$!
{
	archiveVersion = 1;
	classes = {
	};
	objectVersion = 56;
	objects = {

/* Begin PBXBuildFile section */
		6B07FFC72A4E65B900796D8A /* AppDelegate.swift in Sources */ = {isa = PBXBuildFile; fileRef = 6B07FFC62A4E65B900796D8A /* AppDelegate.swift */; };
		6B07FFC92A4E65B900796D8A /* SceneDelegate.swift in Sources */ = {isa = PBXBuildFile; fileRef = 6B07FFC82A4E65B900796D8A /* SceneDelegate.swift */; };
		6B07FFD02A4E65BB00796D8A /* Assets.xcassets in Resources */ = {isa = PBXBuildFile; fileRef = 6B07FFCF2A4E65BB00796D8A /* Assets.xcassets */; };
		6B07FFD32A4E65BB00796D8A /* LaunchScreen.storyboard in Resources */ = {isa = PBXBuildFile; fileRef = 6B07FFD12A4E65BB00796D8A /* LaunchScreen.storyboard */; };
		6B07FFDE2A4E65BC00796D8A /* GitHubListTests.swift in Sources */ = {isa = PBXBuildFile; fileRef = 6B07FFDD2A4E65BC00796D8A /* GitHubListTests.swift */; };
		6B07FFE82A4E65BC00796D8A /* GitHubListUITests.swift in Sources */ = {isa = PBXBuildFile; fileRef = 6B07FFE72A4E65BC00796D8A /* GitHubListUITests.swift */; };
		6B07FFEA2A4E65BC00796D8A /* GitHubListUITestsLaunchTests.swift in Sources */ = {isa = PBXBuildFile; fileRef = 6B07FFE92A4E65BC00796D8A /* GitHubListUITestsLaunchTests.swift */; };
		6BC5E64E2A4E78EC0073347D /* AppCoordinator.swift in Sources */ = {isa = PBXBuildFile; fileRef = 6BC5E64D2A4E78EC0073347D /* AppCoordinator.swift */; };
		6BC5E6502A4E7E9A0073347D /* MainListCoordinator.swift in Sources */ = {isa = PBXBuildFile; fileRef = 6BC5E64F2A4E7E9A0073347D /* MainListCoordinator.swift */; };
		6BC5E6522A4E7F110073347D /* MainListViewController.swift in Sources */ = {isa = PBXBuildFile; fileRef = 6BC5E6512A4E7F110073347D /* MainListViewController.swift */; };
		6BC5E6542A4E7F220073347D /* MainListViewModel.swift in Sources */ = {isa = PBXBuildFile; fileRef = 6BC5E6532A4E7F220073347D /* MainListViewModel.swift */; };
		6BC5E6562A4E7F310073347D /* MainListView.swift in Sources */ = {isa = PBXBuildFile; fileRef = 6BC5E6552A4E7F310073347D /* MainListView.swift */; };
		8E24D5B7491E4F3301374F74 /* Pods_GitHubList.framework in Frameworks */ = {isa = PBXBuildFile; fileRef = 6B39FDCC0960FE6424E14E09 /* Pods_GitHubList.framework */; };
		D9635B1D79D5303CF1332B26 /* Pods_GitHubList_GitHubListUITests.framework in Frameworks */ = {isa = PBXBuildFile; fileRef = 80D39336C8B48841A0EA16CA /* Pods_GitHubList_GitHubListUITests.framework */; };
		E7FDDBDFDFF04E02EEC60F22 /* Pods_GitHubListTests.framework in Frameworks */ = {isa = PBXBuildFile; fileRef = 63C6EA215AE01217D636614D /* Pods_GitHubListTests.framework */; };
/* End PBXBuildFile section */

/* Begin PBXContainerItemProxy section */
		6B07FFDA2A4E65BC00796D8A /* PBXContainerItemProxy */ = {
			isa = PBXContainerItemProxy;
			containerPortal = 6B07FFBB2A4E65B900796D8A /* Project object */;
			proxyType = 1;
			remoteGlobalIDString = 6B07FFC22A4E65B900796D8A;
			remoteInfo = GitHubList;
		};
		6B07FFE42A4E65BC00796D8A /* PBXContainerItemProxy */ = {
			isa = PBXContainerItemProxy;
			containerPortal = 6B07FFBB2A4E65B900796D8A /* Project object */;
			proxyType = 1;
			remoteGlobalIDString = 6B07FFC22A4E65B900796D8A;
			remoteInfo = GitHubList;
		};
/* End PBXContainerItemProxy section */

/* Begin PBXFileReference section */
		16840A4DB1D5E7E2062501C0 /* Pods-GitHubListTests.debug.xcconfig */ = {isa = PBXFileReference; includeInIndex = 1; lastKnownFileType = text.xcconfig; name = "Pods-GitHubListTests.debug.xcconfig"; path = "Target Support Files/Pods-GitHubListTests/Pods-GitHubListTests.debug.xcconfig"; sourceTree = "<group>"; };
		43A8491CF61455868FC6E92F /* Pods-GitHubListTests.release.xcconfig */ = {isa = PBXFileReference; includeInIndex = 1; lastKnownFileType = text.xcconfig; name = "Pods-GitHubListTests.release.xcconfig"; path = "Target Support Files/Pods-GitHubListTests/Pods-GitHubListTests.release.xcconfig"; sourceTree = "<group>"; };
		47120FB22D496BAA33DCDE7E /* Pods-GitHubList.debug.xcconfig */ = {isa = PBXFileReference; includeInIndex = 1; lastKnownFileType = text.xcconfig; name = "Pods-GitHubList.debug.xcconfig"; path = "Target Support Files/Pods-GitHubList/Pods-GitHubList.debug.xcconfig"; sourceTree = "<group>"; };
		63C6EA215AE01217D636614D /* Pods_GitHubListTests.framework */ = {isa = PBXFileReference; explicitFileType = wrapper.framework; includeInIndex = 0; path = Pods_GitHubListTests.framework; sourceTree = BUILT_PRODUCTS_DIR; };
		6B07FFC32A4E65B900796D8A /* GitHubList.app */ = {isa = PBXFileReference; explicitFileType = wrapper.application; includeInIndex = 0; path = GitHubList.app; sourceTree = BUILT_PRODUCTS_DIR; };
		6B07FFC62A4E65B900796D8A /* AppDelegate.swift */ = {isa = PBXFileReference; lastKnownFileType = sourcecode.swift; path = AppDelegate.swift; sourceTree = "<group>"; };
		6B07FFC82A4E65B900796D8A /* SceneDelegate.swift */ = {isa = PBXFileReference; lastKnownFileType = sourcecode.swift; path = SceneDelegate.swift; sourceTree = "<group>"; };
		6B07FFCF2A4E65BB00796D8A /* Assets.xcassets */ = {isa = PBXFileReference; lastKnownFileType = folder.assetcatalog; path = Assets.xcassets; sourceTree = "<group>"; };
		6B07FFD22A4E65BB00796D8A /* Base */ = {isa = PBXFileReference; lastKnownFileType = file.storyboard; name = Base; path = Base.lproj/LaunchScreen.storyboard; sourceTree = "<group>"; };
		6B07FFD42A4E65BB00796D8A /* Info.plist */ = {isa = PBXFileReference; lastKnownFileType = text.plist.xml; path = Info.plist; sourceTree = "<group>"; };
		6B07FFD92A4E65BC00796D8A /* GitHubListTests.xctest */ = {isa = PBXFileReference; explicitFileType = wrapper.cfbundle; includeInIndex = 0; path = GitHubListTests.xctest; sourceTree = BUILT_PRODUCTS_DIR; };
		6B07FFDD2A4E65BC00796D8A /* GitHubListTests.swift */ = {isa = PBXFileReference; lastKnownFileType = sourcecode.swift; path = GitHubListTests.swift; sourceTree = "<group>"; };
		6B07FFE32A4E65BC00796D8A /* GitHubListUITests.xctest */ = {isa = PBXFileReference; explicitFileType = wrapper.cfbundle; includeInIndex = 0; path = GitHubListUITests.xctest; sourceTree = BUILT_PRODUCTS_DIR; };
		6B07FFE72A4E65BC00796D8A /* GitHubListUITests.swift */ = {isa = PBXFileReference; lastKnownFileType = sourcecode.swift; path = GitHubListUITests.swift; sourceTree = "<group>"; };
		6B07FFE92A4E65BC00796D8A /* GitHubListUITestsLaunchTests.swift */ = {isa = PBXFileReference; lastKnownFileType = sourcecode.swift; path = GitHubListUITestsLaunchTests.swift; sourceTree = "<group>"; };
		6B39FDCC0960FE6424E14E09 /* Pods_GitHubList.framework */ = {isa = PBXFileReference; explicitFileType = wrapper.framework; includeInIndex = 0; path = Pods_GitHubList.framework; sourceTree = BUILT_PRODUCTS_DIR; };
		6BC5E64D2A4E78EC0073347D /* AppCoordinator.swift */ = {isa = PBXFileReference; lastKnownFileType = sourcecode.swift; path = AppCoordinator.swift; sourceTree = "<group>"; };
		6BC5E64F2A4E7E9A0073347D /* MainListCoordinator.swift */ = {isa = PBXFileReference; lastKnownFileType = sourcecode.swift; path = MainListCoordinator.swift; sourceTree = "<group>"; };
		6BC5E6512A4E7F110073347D /* MainListViewController.swift */ = {isa = PBXFileReference; lastKnownFileType = sourcecode.swift; path = MainListViewController.swift; sourceTree = "<group>"; };
		6BC5E6532A4E7F220073347D /* MainListViewModel.swift */ = {isa = PBXFileReference; lastKnownFileType = sourcecode.swift; path = MainListViewModel.swift; sourceTree = "<group>"; };
		6BC5E6552A4E7F310073347D /* MainListView.swift */ = {isa = PBXFileReference; lastKnownFileType = sourcecode.swift; path = MainListView.swift; sourceTree = "<group>"; };
		80D39336C8B48841A0EA16CA /* Pods_GitHubList_GitHubListUITests.framework */ = {isa = PBXFileReference; explicitFileType = wrapper.framework; includeInIndex = 0; path = Pods_GitHubList_GitHubListUITests.framework; sourceTree = BUILT_PRODUCTS_DIR; };
		92140FB24A2CE8D7D2C3CBAB /* Pods-GitHubList.release.xcconfig */ = {isa = PBXFileReference; includeInIndex = 1; lastKnownFileType = text.xcconfig; name = "Pods-GitHubList.release.xcconfig"; path = "Target Support Files/Pods-GitHubList/Pods-GitHubList.release.xcconfig"; sourceTree = "<group>"; };
		BD91174E9822FD76EA3E7304 /* Pods-GitHubList-GitHubListUITests.release.xcconfig */ = {isa = PBXFileReference; includeInIndex = 1; lastKnownFileType = text.xcconfig; name = "Pods-GitHubList-GitHubListUITests.release.xcconfig"; path = "Target Support Files/Pods-GitHubList-GitHubListUITests/Pods-GitHubList-GitHubListUITests.release.xcconfig"; sourceTree = "<group>"; };
		D26388DC4BDFB93121DCF5EA /* Pods-GitHubList-GitHubListUITests.debug.xcconfig */ = {isa = PBXFileReference; includeInIndex = 1; lastKnownFileType = text.xcconfig; name = "Pods-GitHubList-GitHubListUITests.debug.xcconfig"; path = "Target Support Files/Pods-GitHubList-GitHubListUITests/Pods-GitHubList-GitHubListUITests.debug.xcconfig"; sourceTree = "<group>"; };
/* End PBXFileReference section */

/* Begin PBXFrameworksBuildPhase section */
		6B07FFC02A4E65B900796D8A /* Frameworks */ = {
			isa = PBXFrameworksBuildPhase;
			buildActionMask = 2147483647;
			files = (
				8E24D5B7491E4F3301374F74 /* Pods_GitHubList.framework in Frameworks */,
			);
			runOnlyForDeploymentPostprocessing = 0;
		};
		6B07FFD62A4E65BC00796D8A /* Frameworks */ = {
			isa = PBXFrameworksBuildPhase;
			buildActionMask = 2147483647;
			files = (
				E7FDDBDFDFF04E02EEC60F22 /* Pods_GitHubListTests.framework in Frameworks */,
			);
			runOnlyForDeploymentPostprocessing = 0;
		};
		6B07FFE02A4E65BC00796D8A /* Frameworks */ = {
			isa = PBXFrameworksBuildPhase;
			buildActionMask = 2147483647;
			files = (
				D9635B1D79D5303CF1332B26 /* Pods_GitHubList_GitHubListUITests.framework in Frameworks */,
			);
			runOnlyForDeploymentPostprocessing = 0;
		};
/* End PBXFrameworksBuildPhase section */

/* Begin PBXGroup section */
		0D634DDDCC79D642BA66F883 /* Pods */ = {
			isa = PBXGroup;
			children = (
				47120FB22D496BAA33DCDE7E /* Pods-GitHubList.debug.xcconfig */,
				92140FB24A2CE8D7D2C3CBAB /* Pods-GitHubList.release.xcconfig */,
				D26388DC4BDFB93121DCF5EA /* Pods-GitHubList-GitHubListUITests.debug.xcconfig */,
				BD91174E9822FD76EA3E7304 /* Pods-GitHubList-GitHubListUITests.release.xcconfig */,
				16840A4DB1D5E7E2062501C0 /* Pods-GitHubListTests.debug.xcconfig */,
				43A8491CF61455868FC6E92F /* Pods-GitHubListTests.release.xcconfig */,
			);
			path = Pods;
			sourceTree = "<group>";
		};
		1F30628DFB4F6D0A14DF9EF4 /* Frameworks */ = {
			isa = PBXGroup;
			children = (
				6B39FDCC0960FE6424E14E09 /* Pods_GitHubList.framework */,
				80D39336C8B48841A0EA16CA /* Pods_GitHubList_GitHubListUITests.framework */,
				63C6EA215AE01217D636614D /* Pods_GitHubListTests.framework */,
			);
			name = Frameworks;
			sourceTree = "<group>";
		};
		6B07FFBA2A4E65B900796D8A = {
			isa = PBXGroup;
			children = (
				6B07FFC52A4E65B900796D8A /* GitHubList */,
				6B07FFDC2A4E65BC00796D8A /* GitHubListTests */,
				6B07FFE62A4E65BC00796D8A /* GitHubListUITests */,
				6B07FFC42A4E65B900796D8A /* Products */,
				0D634DDDCC79D642BA66F883 /* Pods */,
				1F30628DFB4F6D0A14DF9EF4 /* Frameworks */,
			);
			sourceTree = "<group>";
		};
		6B07FFC42A4E65B900796D8A /* Products */ = {
			isa = PBXGroup;
			children = (
				6B07FFC32A4E65B900796D8A /* GitHubList.app */,
				6B07FFD92A4E65BC00796D8A /* GitHubListTests.xctest */,
				6B07FFE32A4E65BC00796D8A /* GitHubListUITests.xctest */,
			);
			name = Products;
			sourceTree = "<group>";
		};
		6B07FFC52A4E65B900796D8A /* GitHubList */ = {
			isa = PBXGroup;
			children = (
				6B07FFF62A4E684A00796D8A /* App */,
				6B07FFF72A4E6A8700796D8A /* Sources */,
			);
			path = GitHubList;
			sourceTree = "<group>";
		};
		6B07FFDC2A4E65BC00796D8A /* GitHubListTests */ = {
			isa = PBXGroup;
			children = (
				6B07FFDD2A4E65BC00796D8A /* GitHubListTests.swift */,
			);
			path = GitHubListTests;
			sourceTree = "<group>";
		};
		6B07FFE62A4E65BC00796D8A /* GitHubListUITests */ = {
			isa = PBXGroup;
			children = (
				6B07FFE72A4E65BC00796D8A /* GitHubListUITests.swift */,
				6B07FFE92A4E65BC00796D8A /* GitHubListUITestsLaunchTests.swift */,
			);
			path = GitHubListUITests;
			sourceTree = "<group>";
		};
		6B07FFF62A4E684A00796D8A /* App */ = {
			isa = PBXGroup;
			children = (
				6B07FFD42A4E65BB00796D8A /* Info.plist */,
				6B07FFD12A4E65BB00796D8A /* LaunchScreen.storyboard */,
				6B07FFF82A4E6AAB00796D8A /* Assets */,
				6B07FFC62A4E65B900796D8A /* AppDelegate.swift */,
				6B07FFC82A4E65B900796D8A /* SceneDelegate.swift */,
			);
			path = App;
			sourceTree = "<group>";
		};
		6B07FFF72A4E6A8700796D8A /* Sources */ = {
			isa = PBXGroup;
			children = (
				6BC5E64A2A4E73950073347D /* Scenes */,
			);
			path = Sources;
			sourceTree = "<group>";
		};
		6B07FFF82A4E6AAB00796D8A /* Assets */ = {
			isa = PBXGroup;
			children = (
				6B07FFCF2A4E65BB00796D8A /* Assets.xcassets */,
			);
			path = Assets;
			sourceTree = "<group>";
		};
		6BC5E64A2A4E73950073347D /* Scenes */ = {
			isa = PBXGroup;
			children = (
				6BC5E64D2A4E78EC0073347D /* AppCoordinator.swift */,
				6BC5E64B2A4E78BE0073347D /* List */,
			);
			path = Scenes;
			sourceTree = "<group>";
		};
		6BC5E64B2A4E78BE0073347D /* List */ = {
			isa = PBXGroup;
			children = (
				6BC5E64F2A4E7E9A0073347D /* MainListCoordinator.swift */,
				6BC5E6512A4E7F110073347D /* MainListViewController.swift */,
				6BC5E6532A4E7F220073347D /* MainListViewModel.swift */,
				6BC5E6552A4E7F310073347D /* MainListView.swift */,
			);
			path = List;
			sourceTree = "<group>";
		};
/* End PBXGroup section */

/* Begin PBXNativeTarget section */
		6B07FFC22A4E65B900796D8A /* GitHubList */ = {
			isa = PBXNativeTarget;
			buildConfigurationList = 6B07FFED2A4E65BC00796D8A /* Build configuration list for PBXNativeTarget "GitHubList" */;
			buildPhases = (
				C7666F951A0DDFA9C7E511FE /* [CP] Check Pods Manifest.lock */,
				6B07FFBF2A4E65B900796D8A /* Sources */,
				6B07FFC02A4E65B900796D8A /* Frameworks */,
				6B07FFC12A4E65B900796D8A /* Resources */,
				B878BB89C3E42F612344C0D6 /* [CP] Embed Pods Frameworks */,
			);
			buildRules = (
			);
			dependencies = (
			);
			name = GitHubList;
			productName = GitHubList;
			productReference = 6B07FFC32A4E65B900796D8A /* GitHubList.app */;
			productType = "com.apple.product-type.application";
		};
		6B07FFD82A4E65BC00796D8A /* GitHubListTests */ = {
			isa = PBXNativeTarget;
			buildConfigurationList = 6B07FFF02A4E65BC00796D8A /* Build configuration list for PBXNativeTarget "GitHubListTests" */;
			buildPhases = (
				0DC12503BF0FC4A36EC3809E /* [CP] Check Pods Manifest.lock */,
				6B07FFD52A4E65BC00796D8A /* Sources */,
				6B07FFD62A4E65BC00796D8A /* Frameworks */,
				6B07FFD72A4E65BC00796D8A /* Resources */,
				B476E23408049B3625E276A5 /* [CP] Embed Pods Frameworks */,
			);
			buildRules = (
			);
			dependencies = (
				6B07FFDB2A4E65BC00796D8A /* PBXTargetDependency */,
			);
			name = GitHubListTests;
			productName = GitHubListTests;
			productReference = 6B07FFD92A4E65BC00796D8A /* GitHubListTests.xctest */;
			productType = "com.apple.product-type.bundle.unit-test";
		};
		6B07FFE22A4E65BC00796D8A /* GitHubListUITests */ = {
			isa = PBXNativeTarget;
			buildConfigurationList = 6B07FFF32A4E65BC00796D8A /* Build configuration list for PBXNativeTarget "GitHubListUITests" */;
			buildPhases = (
				4F32127A4FB62CBB02CF548B /* [CP] Check Pods Manifest.lock */,
				6B07FFDF2A4E65BC00796D8A /* Sources */,
				6B07FFE02A4E65BC00796D8A /* Frameworks */,
				6B07FFE12A4E65BC00796D8A /* Resources */,
				2A9E232E80BC8D7303058258 /* [CP] Embed Pods Frameworks */,
			);
			buildRules = (
			);
			dependencies = (
				6B07FFE52A4E65BC00796D8A /* PBXTargetDependency */,
			);
			name = GitHubListUITests;
			productName = GitHubListUITests;
			productReference = 6B07FFE32A4E65BC00796D8A /* GitHubListUITests.xctest */;
			productType = "com.apple.product-type.bundle.ui-testing";
		};
/* End PBXNativeTarget section */

/* Begin PBXProject section */
		6B07FFBB2A4E65B900796D8A /* Project object */ = {
			isa = PBXProject;
			attributes = {
				BuildIndependentTargetsInParallel = 1;
				LastSwiftUpdateCheck = 1420;
				LastUpgradeCheck = 1420;
				TargetAttributes = {
					6B07FFC22A4E65B900796D8A = {
						CreatedOnToolsVersion = 14.2;
					};
					6B07FFD82A4E65BC00796D8A = {
						CreatedOnToolsVersion = 14.2;
						TestTargetID = 6B07FFC22A4E65B900796D8A;
					};
					6B07FFE22A4E65BC00796D8A = {
						CreatedOnToolsVersion = 14.2;
						TestTargetID = 6B07FFC22A4E65B900796D8A;
					};
				};
			};
			buildConfigurationList = 6B07FFBE2A4E65B900796D8A /* Build configuration list for PBXProject "GitHubList" */;
			compatibilityVersion = "Xcode 14.0";
			developmentRegion = en;
			hasScannedForEncodings = 0;
			knownRegions = (
				en,
				Base,
			);
			mainGroup = 6B07FFBA2A4E65B900796D8A;
			productRefGroup = 6B07FFC42A4E65B900796D8A /* Products */;
			projectDirPath = "";
			projectRoot = "";
			targets = (
				6B07FFC22A4E65B900796D8A /* GitHubList */,
				6B07FFD82A4E65BC00796D8A /* GitHubListTests */,
				6B07FFE22A4E65BC00796D8A /* GitHubListUITests */,
			);
		};
/* End PBXProject section */

/* Begin PBXResourcesBuildPhase section */
		6B07FFC12A4E65B900796D8A /* Resources */ = {
			isa = PBXResourcesBuildPhase;
			buildActionMask = 2147483647;
			files = (
				6B07FFD32A4E65BB00796D8A /* LaunchScreen.storyboard in Resources */,
				6B07FFD02A4E65BB00796D8A /* Assets.xcassets in Resources */,
			);
			runOnlyForDeploymentPostprocessing = 0;
		};
		6B07FFD72A4E65BC00796D8A /* Resources */ = {
			isa = PBXResourcesBuildPhase;
			buildActionMask = 2147483647;
			files = (
			);
			runOnlyForDeploymentPostprocessing = 0;
		};
		6B07FFE12A4E65BC00796D8A /* Resources */ = {
			isa = PBXResourcesBuildPhase;
			buildActionMask = 2147483647;
			files = (
			);
			runOnlyForDeploymentPostprocessing = 0;
		};
/* End PBXResourcesBuildPhase section */

/* Begin PBXShellScriptBuildPhase section */
		0DC12503BF0FC4A36EC3809E /* [CP] Check Pods Manifest.lock */ = {
			isa = PBXShellScriptBuildPhase;
			buildActionMask = 2147483647;
			files = (
			);
			inputFileListPaths = (
			);
			inputPaths = (
				"${PODS_PODFILE_DIR_PATH}/Podfile.lock",
				"${PODS_ROOT}/Manifest.lock",
			);
			name = "[CP] Check Pods Manifest.lock";
			outputFileListPaths = (
			);
			outputPaths = (
				"$(DERIVED_FILE_DIR)/Pods-GitHubListTests-checkManifestLockResult.txt",
			);
			runOnlyForDeploymentPostprocessing = 0;
			shellPath = /bin/sh;
			shellScript = "diff \"${PODS_PODFILE_DIR_PATH}/Podfile.lock\" \"${PODS_ROOT}/Manifest.lock\" > /dev/null\nif [ $? != 0 ] ; then\n    # print error to STDERR\n    echo \"error: The sandbox is not in sync with the Podfile.lock. Run 'pod install' or update your CocoaPods installation.\" >&2\n    exit 1\nfi\n# This output is used by Xcode 'outputs' to avoid re-running this script phase.\necho \"SUCCESS\" > \"${SCRIPT_OUTPUT_FILE_0}\"\n";
			showEnvVarsInLog = 0;
		};
		2A9E232E80BC8D7303058258 /* [CP] Embed Pods Frameworks */ = {
			isa = PBXShellScriptBuildPhase;
			buildActionMask = 2147483647;
			files = (
			);
			inputFileListPaths = (
				"${PODS_ROOT}/Target Support Files/Pods-GitHubList-GitHubListUITests/Pods-GitHubList-GitHubListUITests-frameworks-${CONFIGURATION}-input-files.xcfilelist",
			);
			name = "[CP] Embed Pods Frameworks";
			outputFileListPaths = (
				"${PODS_ROOT}/Target Support Files/Pods-GitHubList-GitHubListUITests/Pods-GitHubList-GitHubListUITests-frameworks-${CONFIGURATION}-output-files.xcfilelist",
			);
			runOnlyForDeploymentPostprocessing = 0;
			shellPath = /bin/sh;
			shellScript = "\"${PODS_ROOT}/Target Support Files/Pods-GitHubList-GitHubListUITests/Pods-GitHubList-GitHubListUITests-frameworks.sh\"\n";
			showEnvVarsInLog = 0;
		};
		4F32127A4FB62CBB02CF548B /* [CP] Check Pods Manifest.lock */ = {
			isa = PBXShellScriptBuildPhase;
			buildActionMask = 2147483647;
			files = (
			);
			inputFileListPaths = (
			);
			inputPaths = (
				"${PODS_PODFILE_DIR_PATH}/Podfile.lock",
				"${PODS_ROOT}/Manifest.lock",
			);
			name = "[CP] Check Pods Manifest.lock";
			outputFileListPaths = (
			);
			outputPaths = (
				"$(DERIVED_FILE_DIR)/Pods-GitHubList-GitHubListUITests-checkManifestLockResult.txt",
			);
			runOnlyForDeploymentPostprocessing = 0;
			shellPath = /bin/sh;
			shellScript = "diff \"${PODS_PODFILE_DIR_PATH}/Podfile.lock\" \"${PODS_ROOT}/Manifest.lock\" > /dev/null\nif [ $? != 0 ] ; then\n    # print error to STDERR\n    echo \"error: The sandbox is not in sync with the Podfile.lock. Run 'pod install' or update your CocoaPods installation.\" >&2\n    exit 1\nfi\n# This output is used by Xcode 'outputs' to avoid re-running this script phase.\necho \"SUCCESS\" > \"${SCRIPT_OUTPUT_FILE_0}\"\n";
			showEnvVarsInLog = 0;
		};
		B476E23408049B3625E276A5 /* [CP] Embed Pods Frameworks */ = {
			isa = PBXShellScriptBuildPhase;
			buildActionMask = 2147483647;
			files = (
			);
			inputFileListPaths = (
				"${PODS_ROOT}/Target Support Files/Pods-GitHubListTests/Pods-GitHubListTests-frameworks-${CONFIGURATION}-input-files.xcfilelist",
			);
			name = "[CP] Embed Pods Frameworks";
			outputFileListPaths = (
				"${PODS_ROOT}/Target Support Files/Pods-GitHubListTests/Pods-GitHubListTests-frameworks-${CONFIGURATION}-output-files.xcfilelist",
			);
			runOnlyForDeploymentPostprocessing = 0;
			shellPath = /bin/sh;
			shellScript = "\"${PODS_ROOT}/Target Support Files/Pods-GitHubListTests/Pods-GitHubListTests-frameworks.sh\"\n";
			showEnvVarsInLog = 0;
		};
		B878BB89C3E42F612344C0D6 /* [CP] Embed Pods Frameworks */ = {
			isa = PBXShellScriptBuildPhase;
			buildActionMask = 2147483647;
			files = (
			);
			inputFileListPaths = (
				"${PODS_ROOT}/Target Support Files/Pods-GitHubList/Pods-GitHubList-frameworks-${CONFIGURATION}-input-files.xcfilelist",
			);
			name = "[CP] Embed Pods Frameworks";
			outputFileListPaths = (
				"${PODS_ROOT}/Target Support Files/Pods-GitHubList/Pods-GitHubList-frameworks-${CONFIGURATION}-output-files.xcfilelist",
			);
			runOnlyForDeploymentPostprocessing = 0;
			shellPath = /bin/sh;
			shellScript = "\"${PODS_ROOT}/Target Support Files/Pods-GitHubList/Pods-GitHubList-frameworks.sh\"\n";
			showEnvVarsInLog = 0;
		};
		C7666F951A0DDFA9C7E511FE /* [CP] Check Pods Manifest.lock */ = {
			isa = PBXShellScriptBuildPhase;
			buildActionMask = 2147483647;
			files = (
			);
			inputFileListPaths = (
			);
			inputPaths = (
				"${PODS_PODFILE_DIR_PATH}/Podfile.lock",
				"${PODS_ROOT}/Manifest.lock",
			);
			name = "[CP] Check Pods Manifest.lock";
			outputFileListPaths = (
			);
			outputPaths = (
				"$(DERIVED_FILE_DIR)/Pods-GitHubList-checkManifestLockResult.txt",
			);
			runOnlyForDeploymentPostprocessing = 0;
			shellPath = /bin/sh;
			shellScript = "diff \"${PODS_PODFILE_DIR_PATH}/Podfile.lock\" \"${PODS_ROOT}/Manifest.lock\" > /dev/null\nif [ $? != 0 ] ; then\n    # print error to STDERR\n    echo \"error: The sandbox is not in sync with the Podfile.lock. Run 'pod install' or update your CocoaPods installation.\" >&2\n    exit 1\nfi\n# This output is used by Xcode 'outputs' to avoid re-running this script phase.\necho \"SUCCESS\" > \"${SCRIPT_OUTPUT_FILE_0}\"\n";
			showEnvVarsInLog = 0;
		};
/* End PBXShellScriptBuildPhase section */

/* Begin PBXSourcesBuildPhase section */
		6B07FFBF2A4E65B900796D8A /* Sources */ = {
			isa = PBXSourcesBuildPhase;
			buildActionMask = 2147483647;
			files = (
				6BC5E64E2A4E78EC0073347D /* AppCoordinator.swift in Sources */,
				6BC5E6542A4E7F220073347D /* MainListViewModel.swift in Sources */,
				6BC5E6502A4E7E9A0073347D /* MainListCoordinator.swift in Sources */,
				6B07FFC72A4E65B900796D8A /* AppDelegate.swift in Sources */,
				6BC5E6562A4E7F310073347D /* MainListView.swift in Sources */,
				6BC5E6522A4E7F110073347D /* MainListViewController.swift in Sources */,
				6B07FFC92A4E65B900796D8A /* SceneDelegate.swift in Sources */,
			);
			runOnlyForDeploymentPostprocessing = 0;
		};
		6B07FFD52A4E65BC00796D8A /* Sources */ = {
			isa = PBXSourcesBuildPhase;
			buildActionMask = 2147483647;
			files = (
				6B07FFDE2A4E65BC00796D8A /* GitHubListTests.swift in Sources */,
			);
			runOnlyForDeploymentPostprocessing = 0;
		};
		6B07FFDF2A4E65BC00796D8A /* Sources */ = {
			isa = PBXSourcesBuildPhase;
			buildActionMask = 2147483647;
			files = (
				6B07FFE82A4E65BC00796D8A /* GitHubListUITests.swift in Sources */,
				6B07FFEA2A4E65BC00796D8A /* GitHubListUITestsLaunchTests.swift in Sources */,
			);
			runOnlyForDeploymentPostprocessing = 0;
		};
/* End PBXSourcesBuildPhase section */

/* Begin PBXTargetDependency section */
		6B07FFDB2A4E65BC00796D8A /* PBXTargetDependency */ = {
			isa = PBXTargetDependency;
			target = 6B07FFC22A4E65B900796D8A /* GitHubList */;
			targetProxy = 6B07FFDA2A4E65BC00796D8A /* PBXContainerItemProxy */;
		};
		6B07FFE52A4E65BC00796D8A /* PBXTargetDependency */ = {
			isa = PBXTargetDependency;
			target = 6B07FFC22A4E65B900796D8A /* GitHubList */;
			targetProxy = 6B07FFE42A4E65BC00796D8A /* PBXContainerItemProxy */;
		};
/* End PBXTargetDependency section */

/* Begin PBXVariantGroup section */
		6B07FFD12A4E65BB00796D8A /* LaunchScreen.storyboard */ = {
			isa = PBXVariantGroup;
			children = (
				6B07FFD22A4E65BB00796D8A /* Base */,
			);
			name = LaunchScreen.storyboard;
			sourceTree = "<group>";
		};
/* End PBXVariantGroup section */

/* Begin XCBuildConfiguration section */
		6B07FFEB2A4E65BC00796D8A /* Debug */ = {
			isa = XCBuildConfiguration;
			buildSettings = {
				ALWAYS_SEARCH_USER_PATHS = NO;
				CLANG_ANALYZER_NONNULL = YES;
				CLANG_ANALYZER_NUMBER_OBJECT_CONVERSION = YES_AGGRESSIVE;
				CLANG_CXX_LANGUAGE_STANDARD = "gnu++20";
				CLANG_ENABLE_MODULES = YES;
				CLANG_ENABLE_OBJC_ARC = YES;
				CLANG_ENABLE_OBJC_WEAK = YES;
				CLANG_WARN_BLOCK_CAPTURE_AUTORELEASING = YES;
				CLANG_WARN_BOOL_CONVERSION = YES;
				CLANG_WARN_COMMA = YES;
				CLANG_WARN_CONSTANT_CONVERSION = YES;
				CLANG_WARN_DEPRECATED_OBJC_IMPLEMENTATIONS = YES;
				CLANG_WARN_DIRECT_OBJC_ISA_USAGE = YES_ERROR;
				CLANG_WARN_DOCUMENTATION_COMMENTS = YES;
				CLANG_WARN_EMPTY_BODY = YES;
				CLANG_WARN_ENUM_CONVERSION = YES;
				CLANG_WARN_INFINITE_RECURSION = YES;
				CLANG_WARN_INT_CONVERSION = YES;
				CLANG_WARN_NON_LITERAL_NULL_CONVERSION = YES;
				CLANG_WARN_OBJC_IMPLICIT_RETAIN_SELF = YES;
				CLANG_WARN_OBJC_LITERAL_CONVERSION = YES;
				CLANG_WARN_OBJC_ROOT_CLASS = YES_ERROR;
				CLANG_WARN_QUOTED_INCLUDE_IN_FRAMEWORK_HEADER = YES;
				CLANG_WARN_RANGE_LOOP_ANALYSIS = YES;
				CLANG_WARN_STRICT_PROTOTYPES = YES;
				CLANG_WARN_SUSPICIOUS_MOVE = YES;
				CLANG_WARN_UNGUARDED_AVAILABILITY = YES_AGGRESSIVE;
				CLANG_WARN_UNREACHABLE_CODE = YES;
				CLANG_WARN__DUPLICATE_METHOD_MATCH = YES;
				COPY_PHASE_STRIP = NO;
				DEBUG_INFORMATION_FORMAT = dwarf;
				ENABLE_STRICT_OBJC_MSGSEND = YES;
				ENABLE_TESTABILITY = YES;
				GCC_C_LANGUAGE_STANDARD = gnu11;
				GCC_DYNAMIC_NO_PIC = NO;
				GCC_NO_COMMON_BLOCKS = YES;
				GCC_OPTIMIZATION_LEVEL = 0;
				GCC_PREPROCESSOR_DEFINITIONS = (
					"DEBUG=1",
					"$(inherited)",
				);
				GCC_WARN_64_TO_32_BIT_CONVERSION = YES;
				GCC_WARN_ABOUT_RETURN_TYPE = YES_ERROR;
				GCC_WARN_UNDECLARED_SELECTOR = YES;
				GCC_WARN_UNINITIALIZED_AUTOS = YES_AGGRESSIVE;
				GCC_WARN_UNUSED_FUNCTION = YES;
				GCC_WARN_UNUSED_VARIABLE = YES;
				IPHONEOS_DEPLOYMENT_TARGET = 16.2;
				MTL_ENABLE_DEBUG_INFO = INCLUDE_SOURCE;
				MTL_FAST_MATH = YES;
				ONLY_ACTIVE_ARCH = YES;
				SDKROOT = iphoneos;
				SWIFT_ACTIVE_COMPILATION_CONDITIONS = DEBUG;
				SWIFT_OPTIMIZATION_LEVEL = "-Onone";
			};
			name = Debug;
		};
		6B07FFEC2A4E65BC00796D8A /* Release */ = {
			isa = XCBuildConfiguration;
			buildSettings = {
				ALWAYS_SEARCH_USER_PATHS = NO;
				CLANG_ANALYZER_NONNULL = YES;
				CLANG_ANALYZER_NUMBER_OBJECT_CONVERSION = YES_AGGRESSIVE;
				CLANG_CXX_LANGUAGE_STANDARD = "gnu++20";
				CLANG_ENABLE_MODULES = YES;
				CLANG_ENABLE_OBJC_ARC = YES;
				CLANG_ENABLE_OBJC_WEAK = YES;
				CLANG_WARN_BLOCK_CAPTURE_AUTORELEASING = YES;
				CLANG_WARN_BOOL_CONVERSION = YES;
				CLANG_WARN_COMMA = YES;
				CLANG_WARN_CONSTANT_CONVERSION = YES;
				CLANG_WARN_DEPRECATED_OBJC_IMPLEMENTATIONS = YES;
				CLANG_WARN_DIRECT_OBJC_ISA_USAGE = YES_ERROR;
				CLANG_WARN_DOCUMENTATION_COMMENTS = YES;
				CLANG_WARN_EMPTY_BODY = YES;
				CLANG_WARN_ENUM_CONVERSION = YES;
				CLANG_WARN_INFINITE_RECURSION = YES;
				CLANG_WARN_INT_CONVERSION = YES;
				CLANG_WARN_NON_LITERAL_NULL_CONVERSION = YES;
				CLANG_WARN_OBJC_IMPLICIT_RETAIN_SELF = YES;
				CLANG_WARN_OBJC_LITERAL_CONVERSION = YES;
				CLANG_WARN_OBJC_ROOT_CLASS = YES_ERROR;
				CLANG_WARN_QUOTED_INCLUDE_IN_FRAMEWORK_HEADER = YES;
				CLANG_WARN_RANGE_LOOP_ANALYSIS = YES;
				CLANG_WARN_STRICT_PROTOTYPES = YES;
				CLANG_WARN_SUSPICIOUS_MOVE = YES;
				CLANG_WARN_UNGUARDED_AVAILABILITY = YES_AGGRESSIVE;
				CLANG_WARN_UNREACHABLE_CODE = YES;
				CLANG_WARN__DUPLICATE_METHOD_MATCH = YES;
				COPY_PHASE_STRIP = NO;
				DEBUG_INFORMATION_FORMAT = "dwarf-with-dsym";
				ENABLE_NS_ASSERTIONS = NO;
				ENABLE_STRICT_OBJC_MSGSEND = YES;
				GCC_C_LANGUAGE_STANDARD = gnu11;
				GCC_NO_COMMON_BLOCKS = YES;
				GCC_WARN_64_TO_32_BIT_CONVERSION = YES;
				GCC_WARN_ABOUT_RETURN_TYPE = YES_ERROR;
				GCC_WARN_UNDECLARED_SELECTOR = YES;
				GCC_WARN_UNINITIALIZED_AUTOS = YES_AGGRESSIVE;
				GCC_WARN_UNUSED_FUNCTION = YES;
				GCC_WARN_UNUSED_VARIABLE = YES;
				IPHONEOS_DEPLOYMENT_TARGET = 16.2;
				MTL_ENABLE_DEBUG_INFO = NO;
				MTL_FAST_MATH = YES;
				SDKROOT = iphoneos;
				SWIFT_COMPILATION_MODE = wholemodule;
				SWIFT_OPTIMIZATION_LEVEL = "-O";
				VALIDATE_PRODUCT = YES;
			};
			name = Release;
		};
		6B07FFEE2A4E65BC00796D8A /* Debug */ = {
			isa = XCBuildConfiguration;
			baseConfigurationReference = 47120FB22D496BAA33DCDE7E /* Pods-GitHubList.debug.xcconfig */;
			buildSettings = {
				ASSETCATALOG_COMPILER_APPICON_NAME = AppIcon;
				ASSETCATALOG_COMPILER_GLOBAL_ACCENT_COLOR_NAME = AccentColor;
				CODE_SIGN_STYLE = Automatic;
				CURRENT_PROJECT_VERSION = 1;
				DEVELOPMENT_TEAM = J8JPD2534R;
				GENERATE_INFOPLIST_FILE = YES;
				INFOPLIST_FILE = GitHubList/App/Info.plist;
				INFOPLIST_KEY_UIApplicationSupportsIndirectInputEvents = YES;
				INFOPLIST_KEY_UILaunchStoryboardName = LaunchScreen.storyboard;
				INFOPLIST_KEY_UISupportedInterfaceOrientations_iPad = "UIInterfaceOrientationPortrait UIInterfaceOrientationPortraitUpsideDown UIInterfaceOrientationLandscapeLeft UIInterfaceOrientationLandscapeRight";
				INFOPLIST_KEY_UISupportedInterfaceOrientations_iPhone = "UIInterfaceOrientationPortrait UIInterfaceOrientationLandscapeLeft UIInterfaceOrientationLandscapeRight";
				LD_RUNPATH_SEARCH_PATHS = (
					"$(inherited)",
					"@executable_path/Frameworks",
				);
				MARKETING_VERSION = 1.0;
				PRODUCT_BUNDLE_IDENTIFIER = com.george.gomes.GitHubList;
				PRODUCT_NAME = "$(TARGET_NAME)";
				SWIFT_EMIT_LOC_STRINGS = YES;
				SWIFT_VERSION = 5.0;
				TARGETED_DEVICE_FAMILY = "1,2";
			};
			name = Debug;
		};
		6B07FFEF2A4E65BC00796D8A /* Release */ = {
			isa = XCBuildConfiguration;
			baseConfigurationReference = 92140FB24A2CE8D7D2C3CBAB /* Pods-GitHubList.release.xcconfig */;
			buildSettings = {
				ASSETCATALOG_COMPILER_APPICON_NAME = AppIcon;
				ASSETCATALOG_COMPILER_GLOBAL_ACCENT_COLOR_NAME = AccentColor;
				CODE_SIGN_STYLE = Automatic;
				CURRENT_PROJECT_VERSION = 1;
				DEVELOPMENT_TEAM = J8JPD2534R;
				GENERATE_INFOPLIST_FILE = YES;
				INFOPLIST_FILE = GitHubList/App/Info.plist;
				INFOPLIST_KEY_UIApplicationSupportsIndirectInputEvents = YES;
				INFOPLIST_KEY_UILaunchStoryboardName = LaunchScreen.storyboard;
				INFOPLIST_KEY_UISupportedInterfaceOrientations_iPad = "UIInterfaceOrientationPortrait UIInterfaceOrientationPortraitUpsideDown UIInterfaceOrientationLandscapeLeft UIInterfaceOrientationLandscapeRight";
				INFOPLIST_KEY_UISupportedInterfaceOrientations_iPhone = "UIInterfaceOrientationPortrait UIInterfaceOrientationLandscapeLeft UIInterfaceOrientationLandscapeRight";
				LD_RUNPATH_SEARCH_PATHS = (
					"$(inherited)",
					"@executable_path/Frameworks",
				);
				MARKETING_VERSION = 1.0;
				PRODUCT_BUNDLE_IDENTIFIER = com.george.gomes.GitHubList;
				PRODUCT_NAME = "$(TARGET_NAME)";
				SWIFT_EMIT_LOC_STRINGS = YES;
				SWIFT_VERSION = 5.0;
				TARGETED_DEVICE_FAMILY = "1,2";
			};
			name = Release;
		};
		6B07FFF12A4E65BC00796D8A /* Debug */ = {
			isa = XCBuildConfiguration;
			baseConfigurationReference = 16840A4DB1D5E7E2062501C0 /* Pods-GitHubListTests.debug.xcconfig */;
			buildSettings = {
				ALWAYS_EMBED_SWIFT_STANDARD_LIBRARIES = YES;
				BUNDLE_LOADER = "$(TEST_HOST)";
				CODE_SIGN_STYLE = Automatic;
				CURRENT_PROJECT_VERSION = 1;
				DEVELOPMENT_TEAM = J8JPD2534R;
				GENERATE_INFOPLIST_FILE = YES;
				IPHONEOS_DEPLOYMENT_TARGET = 16.2;
				MARKETING_VERSION = 1.0;
				PRODUCT_BUNDLE_IDENTIFIER = com.george.gomes.GitHubListTests;
				PRODUCT_NAME = "$(TARGET_NAME)";
				SWIFT_EMIT_LOC_STRINGS = NO;
				SWIFT_VERSION = 5.0;
				TARGETED_DEVICE_FAMILY = "1,2";
				TEST_HOST = "$(BUILT_PRODUCTS_DIR)/GitHubList.app/$(BUNDLE_EXECUTABLE_FOLDER_PATH)/GitHubList";
			};
			name = Debug;
		};
		6B07FFF22A4E65BC00796D8A /* Release */ = {
			isa = XCBuildConfiguration;
			baseConfigurationReference = 43A8491CF61455868FC6E92F /* Pods-GitHubListTests.release.xcconfig */;
			buildSettings = {
				ALWAYS_EMBED_SWIFT_STANDARD_LIBRARIES = YES;
				BUNDLE_LOADER = "$(TEST_HOST)";
				CODE_SIGN_STYLE = Automatic;
				CURRENT_PROJECT_VERSION = 1;
				DEVELOPMENT_TEAM = J8JPD2534R;
				GENERATE_INFOPLIST_FILE = YES;
				IPHONEOS_DEPLOYMENT_TARGET = 16.2;
				MARKETING_VERSION = 1.0;
				PRODUCT_BUNDLE_IDENTIFIER = com.george.gomes.GitHubListTests;
				PRODUCT_NAME = "$(TARGET_NAME)";
				SWIFT_EMIT_LOC_STRINGS = NO;
				SWIFT_VERSION = 5.0;
				TARGETED_DEVICE_FAMILY = "1,2";
				TEST_HOST = "$(BUILT_PRODUCTS_DIR)/GitHubList.app/$(BUNDLE_EXECUTABLE_FOLDER_PATH)/GitHubList";
			};
			name = Release;
		};
		6B07FFF42A4E65BC00796D8A /* Debug */ = {
			isa = XCBuildConfiguration;
			baseConfigurationReference = D26388DC4BDFB93121DCF5EA /* Pods-GitHubList-GitHubListUITests.debug.xcconfig */;
			buildSettings = {
				ALWAYS_EMBED_SWIFT_STANDARD_LIBRARIES = YES;
				CODE_SIGN_STYLE = Automatic;
				CURRENT_PROJECT_VERSION = 1;
				DEVELOPMENT_TEAM = J8JPD2534R;
				GENERATE_INFOPLIST_FILE = YES;
				MARKETING_VERSION = 1.0;
				PRODUCT_BUNDLE_IDENTIFIER = com.george.gomes.GitHubListUITests;
				PRODUCT_NAME = "$(TARGET_NAME)";
				SWIFT_EMIT_LOC_STRINGS = NO;
				SWIFT_VERSION = 5.0;
				TARGETED_DEVICE_FAMILY = "1,2";
				TEST_TARGET_NAME = GitHubList;
			};
			name = Debug;
		};
		6B07FFF52A4E65BC00796D8A /* Release */ = {
			isa = XCBuildConfiguration;
			baseConfigurationReference = BD91174E9822FD76EA3E7304 /* Pods-GitHubList-GitHubListUITests.release.xcconfig */;
			buildSettings = {
				ALWAYS_EMBED_SWIFT_STANDARD_LIBRARIES = YES;
				CODE_SIGN_STYLE = Automatic;
				CURRENT_PROJECT_VERSION = 1;
				DEVELOPMENT_TEAM = J8JPD2534R;
				GENERATE_INFOPLIST_FILE = YES;
				MARKETING_VERSION = 1.0;
				PRODUCT_BUNDLE_IDENTIFIER = com.george.gomes.GitHubListUITests;
				PRODUCT_NAME = "$(TARGET_NAME)";
				SWIFT_EMIT_LOC_STRINGS = NO;
				SWIFT_VERSION = 5.0;
				TARGETED_DEVICE_FAMILY = "1,2";
				TEST_TARGET_NAME = GitHubList;
			};
			name = Release;
		};
/* End XCBuildConfiguration section */

/* Begin XCConfigurationList section */
		6B07FFBE2A4E65B900796D8A /* Build configuration list for PBXProject "GitHubList" */ = {
			isa = XCConfigurationList;
			buildConfigurations = (
				6B07FFEB2A4E65BC00796D8A /* Debug */,
				6B07FFEC2A4E65BC00796D8A /* Release */,
			);
			defaultConfigurationIsVisible = 0;
			defaultConfigurationName = Release;
		};
		6B07FFED2A4E65BC00796D8A /* Build configuration list for PBXNativeTarget "GitHubList" */ = {
			isa = XCConfigurationList;
			buildConfigurations = (
				6B07FFEE2A4E65BC00796D8A /* Debug */,
				6B07FFEF2A4E65BC00796D8A /* Release */,
			);
			defaultConfigurationIsVisible = 0;
			defaultConfigurationName = Release;
		};
		6B07FFF02A4E65BC00796D8A /* Build configuration list for PBXNativeTarget "GitHubListTests" */ = {
			isa = XCConfigurationList;
			buildConfigurations = (
				6B07FFF12A4E65BC00796D8A /* Debug */,
				6B07FFF22A4E65BC00796D8A /* Release */,
			);
			defaultConfigurationIsVisible = 0;
			defaultConfigurationName = Release;
		};
		6B07FFF32A4E65BC00796D8A /* Build configuration list for PBXNativeTarget "GitHubListUITests" */ = {
			isa = XCConfigurationList;
			buildConfigurations = (
				6B07FFF42A4E65BC00796D8A /* Debug */,
				6B07FFF52A4E65BC00796D8A /* Release */,
			);
			defaultConfigurationIsVisible = 0;
			defaultConfigurationName = Release;
		};
/* End XCConfigurationList section */
	};
	rootObject = 6B07FFBB2A4E65B900796D8A /* Project object */;
}
